
Microsoft Visual Studio Solution File, Format Version 12.00
# Visual Studio Version 17
VisualStudioVersion = 17.5.33516.290
MinimumVisualStudioVersion = 10.0.40219.1
Project("{888888A0-9F3D-457C-B088-3A5042F75D52}") = "Lab2_geometry", "Lab2_geometry\Lab2_geometry.pyproj", "{DB3CF707-A182-4F4C-BB4B-D259307E595A}"
EndProject
Global
	GlobalSection(SolutionConfigurationPlatforms) = preSolution
		Debug|Any CPU = Debug|Any CPU
		Release|Any CPU = Release|Any CPU
	EndGlobalSection
	GlobalSection(ProjectConfigurationPlatforms) = postSolution
		{DB3CF707-A182-4F4C-BB4B-D259307E595A}.Debug|Any CPU.ActiveCfg = Debug|Any CPU
		{DB3CF707-A182-4F4C-BB4B-D259307E595A}.Release|Any CPU.ActiveCfg = Release|Any CPU
	EndGlobalSection
	GlobalSection(SolutionProperties) = preSolution
		HideSolutionNode = FALSE
	EndGlobalSection
	GlobalSection(ExtensibilityGlobals) = postSolution
		SolutionGuid = {82443399-6FF1-46AF-B088-0E6630F11C7F}
	EndGlobalSection
EndGlobal
